// !$*UTF8*$!
{
	archiveVersion = 1;
	classes = {
	};
	objectVersion = 50;
	objects = {

/* Begin PBXBuildFile section */
		7E43DD2C20A3DF00005900C3 /* AppDelegate.m in Sources */ = {isa = PBXBuildFile; fileRef = 7E43DD2B20A3DF00005900C3 /* AppDelegate.m */; };
		7E43DD2F20A3DF00005900C3 /* ViewController.m in Sources */ = {isa = PBXBuildFile; fileRef = 7E43DD2E20A3DF00005900C3 /* ViewController.m */; };
		7E43DD3220A3DF00005900C3 /* Main.storyboard in Resources */ = {isa = PBXBuildFile; fileRef = 7E43DD3020A3DF00005900C3 /* Main.storyboard */; };
		7E43DD3420A3DF01005900C3 /* Assets.xcassets in Resources */ = {isa = PBXBuildFile; fileRef = 7E43DD3320A3DF01005900C3 /* Assets.xcassets */; };
		7E43DD3720A3DF01005900C3 /* LaunchScreen.storyboard in Resources */ = {isa = PBXBuildFile; fileRef = 7E43DD3520A3DF01005900C3 /* LaunchScreen.storyboard */; };
		7E43DD3A20A3DF01005900C3 /* main.m in Sources */ = {isa = PBXBuildFile; fileRef = 7E43DD3920A3DF01005900C3 /* main.m */; };
		7E43DD6520A3DF19005900C3 /* NSMutableString+Category.m in Sources */ = {isa = PBXBuildFile; fileRef = 7E43DD4120A3DF19005900C3 /* NSMutableString+Category.m */; };
		7E43DD6720A3DF19005900C3 /* NSString+RegexCheck.m in Sources */ = {isa = PBXBuildFile; fileRef = 7E43DD4420A3DF19005900C3 /* NSString+RegexCheck.m */; };
		7E43DD6820A3DF19005900C3 /* NSObject+Swizzle.m in Sources */ = {isa = PBXBuildFile; fileRef = 7E43DD4520A3DF19005900C3 /* NSObject+Swizzle.m */; };
		7E43DD6920A3DF19005900C3 /* NSArray+Category.m in Sources */ = {isa = PBXBuildFile; fileRef = 7E43DD4720A3DF19005900C3 /* NSArray+Category.m */; };
		7E43DD6D20A3DF19005900C3 /* NSMutableAttributedString+Add.m in Sources */ = {isa = PBXBuildFile; fileRef = 7E43DD4B20A3DF19005900C3 /* NSMutableAttributedString+Add.m */; };
		7E43DD6F20A3DF19005900C3 /* UIViewController+Alert.m in Sources */ = {isa = PBXBuildFile; fileRef = 7E43DD5020A3DF19005900C3 /* UIViewController+Alert.m */; };
		7E43DD7020A3DF19005900C3 /* NSString+Category.m in Sources */ = {isa = PBXBuildFile; fileRef = 7E43DD5620A3DF19005900C3 /* NSString+Category.m */; };
		7E43DD7120A3DF19005900C3 /* NSMutableDictionary+Category.m in Sources */ = {isa = PBXBuildFile; fileRef = 7E43DD5A20A3DF19005900C3 /* NSMutableDictionary+Category.m */; };
		7E43DD7220A3DF19005900C3 /* NSDictionary+Category.m in Sources */ = {isa = PBXBuildFile; fileRef = 7E43DD5C20A3DF19005900C3 /* NSDictionary+Category.m */; };
		7E43DD7320A3DF19005900C3 /* NSObject+Category.m in Sources */ = {isa = PBXBuildFile; fileRef = 7E43DD5D20A3DF19005900C3 /* NSObject+Category.m */; };
		7E43DD7420A3DF19005900C3 /* UITableView+CellAnimation.m in Sources */ = {isa = PBXBuildFile; fileRef = 7E43DD5F20A3DF19005900C3 /* UITableView+CellAnimation.m */; };
		7E43DD7520A3DF19005900C3 /* NSMutableArray+Category.m in Sources */ = {isa = PBXBuildFile; fileRef = 7E43DD6320A3DF19005900C3 /* NSMutableArray+Category.m */; };
		7E43DD7620A3DF19005900C3 /* UIBarButtonItem+SXCreate.m in Sources */ = {isa = PBXBuildFile; fileRef = 7E43DD6420A3DF19005900C3 /* UIBarButtonItem+SXCreate.m */; };
		7EA0A6BF21DF328F00001D06 /* UIView+HJCategory.m in Sources */ = {isa = PBXBuildFile; fileRef = 7EA0A6B621DF328F00001D06 /* UIView+HJCategory.m */; };
		7EA0A6C021DF328F00001D06 /* UILabel+HJCategory.m in Sources */ = {isa = PBXBuildFile; fileRef = 7EA0A6B721DF328F00001D06 /* UILabel+HJCategory.m */; };
		7EA0A6C121DF328F00001D06 /* UIImage+HJCategory.m in Sources */ = {isa = PBXBuildFile; fileRef = 7EA0A6B821DF328F00001D06 /* UIImage+HJCategory.m */; };
		7EA0A6C221DF328F00001D06 /* UITextView+HJCategory.m in Sources */ = {isa = PBXBuildFile; fileRef = 7EA0A6B921DF328F00001D06 /* UITextView+HJCategory.m */; };
		7EA0A6C321DF328F00001D06 /* UIImageView+HJCategory.m in Sources */ = {isa = PBXBuildFile; fileRef = 7EA0A6BA21DF328F00001D06 /* UIImageView+HJCategory.m */; };
		7EA0A6C421DF328F00001D06 /* UITextField+HJCategory.m in Sources */ = {isa = PBXBuildFile; fileRef = 7EA0A6BB21DF328F00001D06 /* UITextField+HJCategory.m */; };
		7EA0A6C521DF328F00001D06 /* UIButton+HJCategory.m in Sources */ = {isa = PBXBuildFile; fileRef = 7EA0A6BD21DF328F00001D06 /* UIButton+HJCategory.m */; };
		7EA0A6C821DF358100001D06 /* HJSearchBar.m in Sources */ = {isa = PBXBuildFile; fileRef = 7EA0A6C721DF358100001D06 /* HJSearchBar.m */; };
		7EA0A6CE21DF38DC00001D06 /* HJCountDownManager.m in Sources */ = {isa = PBXBuildFile; fileRef = 7EA0A6CB21DF38DC00001D06 /* HJCountDownManager.m */; };
		7EA0A6CF21DF38DC00001D06 /* HCCountdown.m in Sources */ = {isa = PBXBuildFile; fileRef = 7EA0A6CC21DF38DC00001D06 /* HCCountdown.m */; };
		7EA0A6D221DF395600001D06 /* HJLabelHelper.m in Sources */ = {isa = PBXBuildFile; fileRef = 7EA0A6D121DF395600001D06 /* HJLabelHelper.m */; };
		7EA0A6D521DF3A6900001D06 /* HJCreateUIHelper.m in Sources */ = {isa = PBXBuildFile; fileRef = 7EA0A6D421DF3A6900001D06 /* HJCreateUIHelper.m */; };
		7EA0A6D921DF3B4100001D06 /* HJBaseTableVC.m in Sources */ = {isa = PBXBuildFile; fileRef = 7EA0A6D821DF3B4100001D06 /* HJBaseTableVC.m */; };
		7EA0A6DC21DF3B7600001D06 /* HJMJRefreshTableVC.m in Sources */ = {isa = PBXBuildFile; fileRef = 7EA0A6DB21DF3B7600001D06 /* HJMJRefreshTableVC.m */; };
		7EA0A6E521DF3E0B00001D06 /* pic_net@3x.png in Resources */ = {isa = PBXBuildFile; fileRef = 7EA0A6DE21DF3E0B00001D06 /* pic_net@3x.png */; };
		7EA0A6E621DF3E0B00001D06 /* pic_nodata@3x.png in Resources */ = {isa = PBXBuildFile; fileRef = 7EA0A6DF21DF3E0B00001D06 /* pic_nodata@3x.png */; };
		7EA0A6E721DF3E0B00001D06 /* pic_net@2x.png in Resources */ = {isa = PBXBuildFile; fileRef = 7EA0A6E021DF3E0B00001D06 /* pic_net@2x.png */; };
		7EA0A6E821DF3E0B00001D06 /* pic_net.png in Resources */ = {isa = PBXBuildFile; fileRef = 7EA0A6E121DF3E0B00001D06 /* pic_net.png */; };
		7EA0A6E921DF3E0B00001D06 /* pic_netLoading.png in Resources */ = {isa = PBXBuildFile; fileRef = 7EA0A6E221DF3E0B00001D06 /* pic_netLoading.png */; };
		7EA0A6EA21DF3E0B00001D06 /* pic_nodata@2x.png in Resources */ = {isa = PBXBuildFile; fileRef = 7EA0A6E321DF3E0B00001D06 /* pic_nodata@2x.png */; };
		7EA0A6EB21DF3E0B00001D06 /* pic_nodata.png in Resources */ = {isa = PBXBuildFile; fileRef = 7EA0A6E421DF3E0B00001D06 /* pic_nodata.png */; };
		7EA0A6EE21DF3E5900001D06 /* HJDataStorage.m in Sources */ = {isa = PBXBuildFile; fileRef = 7EA0A6ED21DF3E5900001D06 /* HJDataStorage.m */; };
/* End PBXBuildFile section */

/* Begin PBXFileReference section */
		7E0805F521251ED200391A14 /* MacroDefinition.h */ = {isa = PBXFileReference; fileEncoding = 4; lastKnownFileType = sourcecode.c.h; path = MacroDefinition.h; sourceTree = "<group>"; };
		7E43DD2720A3DEFF005900C3 /* ISSCloudTools.app */ = {isa = PBXFileReference; explicitFileType = wrapper.application; includeInIndex = 0; path = ISSCloudTools.app; sourceTree = BUILT_PRODUCTS_DIR; };
		7E43DD2A20A3DEFF005900C3 /* AppDelegate.h */ = {isa = PBXFileReference; lastKnownFileType = sourcecode.c.h; path = AppDelegate.h; sourceTree = "<group>"; };
		7E43DD2B20A3DF00005900C3 /* AppDelegate.m */ = {isa = PBXFileReference; lastKnownFileType = sourcecode.c.objc; path = AppDelegate.m; sourceTree = "<group>"; };
		7E43DD2D20A3DF00005900C3 /* ViewController.h */ = {isa = PBXFileReference; lastKnownFileType = sourcecode.c.h; path = ViewController.h; sourceTree = "<group>"; };
		7E43DD2E20A3DF00005900C3 /* ViewController.m */ = {isa = PBXFileReference; lastKnownFileType = sourcecode.c.objc; path = ViewController.m; sourceTree = "<group>"; };
		7E43DD3120A3DF00005900C3 /* Base */ = {isa = PBXFileReference; lastKnownFileType = file.storyboard; name = Base; path = Base.lproj/Main.storyboard; sourceTree = "<group>"; };
		7E43DD3320A3DF01005900C3 /* Assets.xcassets */ = {isa = PBXFileReference; lastKnownFileType = folder.assetcatalog; path = Assets.xcassets; sourceTree = "<group>"; };
		7E43DD3620A3DF01005900C3 /* Base */ = {isa = PBXFileReference; lastKnownFileType = file.storyboard; name = Base; path = Base.lproj/LaunchScreen.storyboard; sourceTree = "<group>"; };
		7E43DD3820A3DF01005900C3 /* Info.plist */ = {isa = PBXFileReference; lastKnownFileType = text.plist.xml; path = Info.plist; sourceTree = "<group>"; };
		7E43DD3920A3DF01005900C3 /* main.m */ = {isa = PBXFileReference; lastKnownFileType = sourcecode.c.objc; path = main.m; sourceTree = "<group>"; };
		7E43DD4120A3DF19005900C3 /* NSMutableString+Category.m */ = {isa = PBXFileReference; fileEncoding = 4; lastKnownFileType = sourcecode.c.objc; path = "NSMutableString+Category.m"; sourceTree = "<group>"; };
		7E43DD4220A3DF19005900C3 /* NSString+Category.h */ = {isa = PBXFileReference; fileEncoding = 4; lastKnownFileType = sourcecode.c.h; path = "NSString+Category.h"; sourceTree = "<group>"; };
		7E43DD4420A3DF19005900C3 /* NSString+RegexCheck.m */ = {isa = PBXFileReference; fileEncoding = 4; lastKnownFileType = sourcecode.c.objc; path = "NSString+RegexCheck.m"; sourceTree = "<group>"; };
		7E43DD4520A3DF19005900C3 /* NSObject+Swizzle.m */ = {isa = PBXFileReference; fileEncoding = 4; lastKnownFileType = sourcecode.c.objc; path = "NSObject+Swizzle.m"; sourceTree = "<group>"; };
		7E43DD4620A3DF19005900C3 /* NSMutableDictionary+Category.h */ = {isa = PBXFileReference; fileEncoding = 4; lastKnownFileType = sourcecode.c.h; path = "NSMutableDictionary+Category.h"; sourceTree = "<group>"; };
		7E43DD4720A3DF19005900C3 /* NSArray+Category.m */ = {isa = PBXFileReference; fileEncoding = 4; lastKnownFileType = sourcecode.c.objc; path = "NSArray+Category.m"; sourceTree = "<group>"; };
		7E43DD4B20A3DF19005900C3 /* NSMutableAttributedString+Add.m */ = {isa = PBXFileReference; fileEncoding = 4; lastKnownFileType = sourcecode.c.objc; path = "NSMutableAttributedString+Add.m"; sourceTree = "<group>"; };
		7E43DD4C20A3DF19005900C3 /* UITableView+CellAnimation.h */ = {isa = PBXFileReference; fileEncoding = 4; lastKnownFileType = sourcecode.c.h; path = "UITableView+CellAnimation.h"; sourceTree = "<group>"; };
		7E43DD4E20A3DF19005900C3 /* NSObject+Category.h */ = {isa = PBXFileReference; fileEncoding = 4; lastKnownFileType = sourcecode.c.h; path = "NSObject+Category.h"; sourceTree = "<group>"; };
		7E43DD4F20A3DF19005900C3 /* NSDictionary+Category.h */ = {isa = PBXFileReference; fileEncoding = 4; lastKnownFileType = sourcecode.c.h; path = "NSDictionary+Category.h"; sourceTree = "<group>"; };
		7E43DD5020A3DF19005900C3 /* UIViewController+Alert.m */ = {isa = PBXFileReference; fileEncoding = 4; lastKnownFileType = sourcecode.c.objc; path = "UIViewController+Alert.m"; sourceTree = "<group>"; };
		7E43DD5120A3DF19005900C3 /* UIBarButtonItem+SXCreate.h */ = {isa = PBXFileReference; fileEncoding = 4; lastKnownFileType = sourcecode.c.h; path = "UIBarButtonItem+SXCreate.h"; sourceTree = "<group>"; };
		7E43DD5220A3DF19005900C3 /* NSMutableArray+Category.h */ = {isa = PBXFileReference; fileEncoding = 4; lastKnownFileType = sourcecode.c.h; path = "NSMutableArray+Category.h"; sourceTree = "<group>"; };
		7E43DD5320A3DF19005900C3 /* NSObject+Swizzle.h */ = {isa = PBXFileReference; fileEncoding = 4; lastKnownFileType = sourcecode.c.h; path = "NSObject+Swizzle.h"; sourceTree = "<group>"; };
		7E43DD5520A3DF19005900C3 /* NSString+RegexCheck.h */ = {isa = PBXFileReference; fileEncoding = 4; lastKnownFileType = sourcecode.c.h; path = "NSString+RegexCheck.h"; sourceTree = "<group>"; };
		7E43DD5620A3DF19005900C3 /* NSString+Category.m */ = {isa = PBXFileReference; fileEncoding = 4; lastKnownFileType = sourcecode.c.objc; path = "NSString+Category.m"; sourceTree = "<group>"; };
		7E43DD5720A3DF19005900C3 /* NSMutableString+Category.h */ = {isa = PBXFileReference; fileEncoding = 4; lastKnownFileType = sourcecode.c.h; path = "NSMutableString+Category.h"; sourceTree = "<group>"; };
		7E43DD5920A3DF19005900C3 /* NSArray+Category.h */ = {isa = PBXFileReference; fileEncoding = 4; lastKnownFileType = sourcecode.c.h; path = "NSArray+Category.h"; sourceTree = "<group>"; };
		7E43DD5A20A3DF19005900C3 /* NSMutableDictionary+Category.m */ = {isa = PBXFileReference; fileEncoding = 4; lastKnownFileType = sourcecode.c.objc; path = "NSMutableDictionary+Category.m"; sourceTree = "<group>"; };
		7E43DD5B20A3DF19005900C3 /* UIViewController+Alert.h */ = {isa = PBXFileReference; fileEncoding = 4; lastKnownFileType = sourcecode.c.h; path = "UIViewController+Alert.h"; sourceTree = "<group>"; };
		7E43DD5C20A3DF19005900C3 /* NSDictionary+Category.m */ = {isa = PBXFileReference; fileEncoding = 4; lastKnownFileType = sourcecode.c.objc; path = "NSDictionary+Category.m"; sourceTree = "<group>"; };
		7E43DD5D20A3DF19005900C3 /* NSObject+Category.m */ = {isa = PBXFileReference; fileEncoding = 4; lastKnownFileType = sourcecode.c.objc; path = "NSObject+Category.m"; sourceTree = "<group>"; };
		7E43DD5F20A3DF19005900C3 /* UITableView+CellAnimation.m */ = {isa = PBXFileReference; fileEncoding = 4; lastKnownFileType = sourcecode.c.objc; path = "UITableView+CellAnimation.m"; sourceTree = "<group>"; };
		7E43DD6020A3DF19005900C3 /* NSMutableAttributedString+Add.h */ = {isa = PBXFileReference; fileEncoding = 4; lastKnownFileType = sourcecode.c.h; path = "NSMutableAttributedString+Add.h"; sourceTree = "<group>"; };
		7E43DD6320A3DF19005900C3 /* NSMutableArray+Category.m */ = {isa = PBXFileReference; fileEncoding = 4; lastKnownFileType = sourcecode.c.objc; path = "NSMutableArray+Category.m"; sourceTree = "<group>"; };
		7E43DD6420A3DF19005900C3 /* UIBarButtonItem+SXCreate.m */ = {isa = PBXFileReference; fileEncoding = 4; lastKnownFileType = sourcecode.c.objc; path = "UIBarButtonItem+SXCreate.m"; sourceTree = "<group>"; };
		7E4A019C21367FA9002E0D46 /* ISSCategory.h */ = {isa = PBXFileReference; lastKnownFileType = sourcecode.c.h; path = ISSCategory.h; sourceTree = "<group>"; };
		7EA0A6B121DF328F00001D06 /* UITextView+HJCategory.h */ = {isa = PBXFileReference; fileEncoding = 4; lastKnownFileType = sourcecode.c.h; path = "UITextView+HJCategory.h"; sourceTree = "<group>"; };
		7EA0A6B221DF328F00001D06 /* UIImage+HJCategory.h */ = {isa = PBXFileReference; fileEncoding = 4; lastKnownFileType = sourcecode.c.h; path = "UIImage+HJCategory.h"; sourceTree = "<group>"; };
		7EA0A6B321DF328F00001D06 /* UITextField+HJCategory.h */ = {isa = PBXFileReference; fileEncoding = 4; lastKnownFileType = sourcecode.c.h; path = "UITextField+HJCategory.h"; sourceTree = "<group>"; };
		7EA0A6B421DF328F00001D06 /* UIImageView+HJCategory.h */ = {isa = PBXFileReference; fileEncoding = 4; lastKnownFileType = sourcecode.c.h; path = "UIImageView+HJCategory.h"; sourceTree = "<group>"; };
		7EA0A6B521DF328F00001D06 /* UIButton+HJCategory.h */ = {isa = PBXFileReference; fileEncoding = 4; lastKnownFileType = sourcecode.c.h; path = "UIButton+HJCategory.h"; sourceTree = "<group>"; };
		7EA0A6B621DF328F00001D06 /* UIView+HJCategory.m */ = {isa = PBXFileReference; fileEncoding = 4; lastKnownFileType = sourcecode.c.objc; path = "UIView+HJCategory.m"; sourceTree = "<group>"; };
		7EA0A6B721DF328F00001D06 /* UILabel+HJCategory.m */ = {isa = PBXFileReference; fileEncoding = 4; lastKnownFileType = sourcecode.c.objc; path = "UILabel+HJCategory.m"; sourceTree = "<group>"; };
		7EA0A6B821DF328F00001D06 /* UIImage+HJCategory.m */ = {isa = PBXFileReference; fileEncoding = 4; lastKnownFileType = sourcecode.c.objc; path = "UIImage+HJCategory.m"; sourceTree = "<group>"; };
		7EA0A6B921DF328F00001D06 /* UITextView+HJCategory.m */ = {isa = PBXFileReference; fileEncoding = 4; lastKnownFileType = sourcecode.c.objc; path = "UITextView+HJCategory.m"; sourceTree = "<group>"; };
		7EA0A6BA21DF328F00001D06 /* UIImageView+HJCategory.m */ = {isa = PBXFileReference; fileEncoding = 4; lastKnownFileType = sourcecode.c.objc; path = "UIImageView+HJCategory.m"; sourceTree = "<group>"; };
		7EA0A6BB21DF328F00001D06 /* UITextField+HJCategory.m */ = {isa = PBXFileReference; fileEncoding = 4; lastKnownFileType = sourcecode.c.objc; path = "UITextField+HJCategory.m"; sourceTree = "<group>"; };
		7EA0A6BC21DF328F00001D06 /* UIView+HJCategory.h */ = {isa = PBXFileReference; fileEncoding = 4; lastKnownFileType = sourcecode.c.h; path = "UIView+HJCategory.h"; sourceTree = "<group>"; };
		7EA0A6BD21DF328F00001D06 /* UIButton+HJCategory.m */ = {isa = PBXFileReference; fileEncoding = 4; lastKnownFileType = sourcecode.c.objc; path = "UIButton+HJCategory.m"; sourceTree = "<group>"; };
		7EA0A6BE21DF328F00001D06 /* UILabel+HJCategory.h */ = {isa = PBXFileReference; fileEncoding = 4; lastKnownFileType = sourcecode.c.h; path = "UILabel+HJCategory.h"; sourceTree = "<group>"; };
		7EA0A6C621DF358100001D06 /* HJSearchBar.h */ = {isa = PBXFileReference; lastKnownFileType = sourcecode.c.h; path = HJSearchBar.h; sourceTree = "<group>"; };
		7EA0A6C721DF358100001D06 /* HJSearchBar.m */ = {isa = PBXFileReference; lastKnownFileType = sourcecode.c.objc; path = HJSearchBar.m; sourceTree = "<group>"; };
		7EA0A6CA21DF38DC00001D06 /* HCCountdown.h */ = {isa = PBXFileReference; fileEncoding = 4; lastKnownFileType = sourcecode.c.h; path = HCCountdown.h; sourceTree = "<group>"; };
		7EA0A6CB21DF38DC00001D06 /* HJCountDownManager.m */ = {isa = PBXFileReference; fileEncoding = 4; lastKnownFileType = sourcecode.c.objc; path = HJCountDownManager.m; sourceTree = "<group>"; };
		7EA0A6CC21DF38DC00001D06 /* HCCountdown.m */ = {isa = PBXFileReference; fileEncoding = 4; lastKnownFileType = sourcecode.c.objc; path = HCCountdown.m; sourceTree = "<group>"; };
		7EA0A6CD21DF38DC00001D06 /* HJCountDownManager.h */ = {isa = PBXFileReference; fileEncoding = 4; lastKnownFileType = sourcecode.c.h; path = HJCountDownManager.h; sourceTree = "<group>"; };
		7EA0A6D021DF395600001D06 /* HJLabelHelper.h */ = {isa = PBXFileReference; lastKnownFileType = sourcecode.c.h; path = HJLabelHelper.h; sourceTree = "<group>"; };
		7EA0A6D121DF395600001D06 /* HJLabelHelper.m */ = {isa = PBXFileReference; lastKnownFileType = sourcecode.c.objc; path = HJLabelHelper.m; sourceTree = "<group>"; };
		7EA0A6D321DF3A6900001D06 /* HJCreateUIHelper.h */ = {isa = PBXFileReference; lastKnownFileType = sourcecode.c.h; path = HJCreateUIHelper.h; sourceTree = "<group>"; };
		7EA0A6D421DF3A6900001D06 /* HJCreateUIHelper.m */ = {isa = PBXFileReference; lastKnownFileType = sourcecode.c.objc; path = HJCreateUIHelper.m; sourceTree = "<group>"; };
		7EA0A6D721DF3B4100001D06 /* HJBaseTableVC.h */ = {isa = PBXFileReference; lastKnownFileType = sourcecode.c.h; path = HJBaseTableVC.h; sourceTree = "<group>"; };
		7EA0A6D821DF3B4100001D06 /* HJBaseTableVC.m */ = {isa = PBXFileReference; lastKnownFileType = sourcecode.c.objc; path = HJBaseTableVC.m; sourceTree = "<group>"; };
		7EA0A6DA21DF3B7600001D06 /* HJMJRefreshTableVC.h */ = {isa = PBXFileReference; lastKnownFileType = sourcecode.c.h; path = HJMJRefreshTableVC.h; sourceTree = "<group>"; };
		7EA0A6DB21DF3B7600001D06 /* HJMJRefreshTableVC.m */ = {isa = PBXFileReference; lastKnownFileType = sourcecode.c.objc; path = HJMJRefreshTableVC.m; sourceTree = "<group>"; };
		7EA0A6DE21DF3E0B00001D06 /* pic_net@3x.png */ = {isa = PBXFileReference; lastKnownFileType = image.png; path = "pic_net@3x.png"; sourceTree = "<group>"; };
		7EA0A6DF21DF3E0B00001D06 /* pic_nodata@3x.png */ = {isa = PBXFileReference; lastKnownFileType = image.png; path = "pic_nodata@3x.png"; sourceTree = "<group>"; };
		7EA0A6E021DF3E0B00001D06 /* pic_net@2x.png */ = {isa = PBXFileReference; lastKnownFileType = image.png; path = "pic_net@2x.png"; sourceTree = "<group>"; };
		7EA0A6E121DF3E0B00001D06 /* pic_net.png */ = {isa = PBXFileReference; lastKnownFileType = image.png; path = pic_net.png; sourceTree = "<group>"; };
		7EA0A6E221DF3E0B00001D06 /* pic_netLoading.png */ = {isa = PBXFileReference; lastKnownFileType = image.png; path = pic_netLoading.png; sourceTree = "<group>"; };
		7EA0A6E321DF3E0B00001D06 /* pic_nodata@2x.png */ = {isa = PBXFileReference; lastKnownFileType = image.png; path = "pic_nodata@2x.png"; sourceTree = "<group>"; };
		7EA0A6E421DF3E0B00001D06 /* pic_nodata.png */ = {isa = PBXFileReference; lastKnownFileType = image.png; path = pic_nodata.png; sourceTree = "<group>"; };
		7EA0A6EC21DF3E5900001D06 /* HJDataStorage.h */ = {isa = PBXFileReference; lastKnownFileType = sourcecode.c.h; path = HJDataStorage.h; sourceTree = "<group>"; };
		7EA0A6ED21DF3E5900001D06 /* HJDataStorage.m */ = {isa = PBXFileReference; lastKnownFileType = sourcecode.c.objc; path = HJDataStorage.m; sourceTree = "<group>"; };
/* End PBXFileReference section */

/* Begin PBXFrameworksBuildPhase section */
		7E43DD2420A3DEFF005900C3 /* Frameworks */ = {
			isa = PBXFrameworksBuildPhase;
			buildActionMask = 2147483647;
			files = (
			);
			runOnlyForDeploymentPostprocessing = 0;
		};
/* End PBXFrameworksBuildPhase section */

/* Begin PBXGroup section */
		7E08059E2125188500391A14 /* UI */ = {
			isa = PBXGroup;
			children = (
				7EA0A6D021DF395600001D06 /* HJLabelHelper.h */,
				7EA0A6D121DF395600001D06 /* HJLabelHelper.m */,
				7EA0A6D321DF3A6900001D06 /* HJCreateUIHelper.h */,
				7EA0A6D421DF3A6900001D06 /* HJCreateUIHelper.m */,
				7EA0A6C621DF358100001D06 /* HJSearchBar.h */,
				7EA0A6C721DF358100001D06 /* HJSearchBar.m */,
				7EA0A6D621DF3AF200001D06 /* Base */,
			);
			path = UI;
			sourceTree = "<group>";
		};
		7E08059F2125188E00391A14 /* Tools */ = {
			isa = PBXGroup;
			children = (
				7EA0A6EC21DF3E5900001D06 /* HJDataStorage.h */,
				7EA0A6ED21DF3E5900001D06 /* HJDataStorage.m */,
				7EA0A6C921DF38DC00001D06 /* HJCountDown */,
			);
			path = Tools;
			sourceTree = "<group>";
		};
		7E08060A21254D0200391A14 /* Foundation */ = {
			isa = PBXGroup;
			children = (
				7E43DD6020A3DF19005900C3 /* NSMutableAttributedString+Add.h */,
				7E43DD4B20A3DF19005900C3 /* NSMutableAttributedString+Add.m */,
				7E43DD5720A3DF19005900C3 /* NSMutableString+Category.h */,
				7E43DD4120A3DF19005900C3 /* NSMutableString+Category.m */,
				7E43DD4220A3DF19005900C3 /* NSString+Category.h */,
				7E43DD5620A3DF19005900C3 /* NSString+Category.m */,
				7E43DD5520A3DF19005900C3 /* NSString+RegexCheck.h */,
				7E43DD4420A3DF19005900C3 /* NSString+RegexCheck.m */,
				7E43DD4620A3DF19005900C3 /* NSMutableDictionary+Category.h */,
				7E43DD5A20A3DF19005900C3 /* NSMutableDictionary+Category.m */,
				7E43DD5920A3DF19005900C3 /* NSArray+Category.h */,
				7E43DD4720A3DF19005900C3 /* NSArray+Category.m */,
				7E43DD4E20A3DF19005900C3 /* NSObject+Category.h */,
				7E43DD5D20A3DF19005900C3 /* NSObject+Category.m */,
				7E43DD5320A3DF19005900C3 /* NSObject+Swizzle.h */,
				7E43DD4520A3DF19005900C3 /* NSObject+Swizzle.m */,
				7E43DD4F20A3DF19005900C3 /* NSDictionary+Category.h */,
				7E43DD5C20A3DF19005900C3 /* NSDictionary+Category.m */,
				7E43DD5220A3DF19005900C3 /* NSMutableArray+Category.h */,
				7E43DD6320A3DF19005900C3 /* NSMutableArray+Category.m */,
			);
			path = Foundation;
			sourceTree = "<group>";
		};
		7E08060B21254D1100391A14 /* UIKit */ = {
			isa = PBXGroup;
			children = (
				7EA0A6B521DF328F00001D06 /* UIButton+HJCategory.h */,
				7EA0A6BD21DF328F00001D06 /* UIButton+HJCategory.m */,
				7EA0A6B221DF328F00001D06 /* UIImage+HJCategory.h */,
				7EA0A6B821DF328F00001D06 /* UIImage+HJCategory.m */,
				7EA0A6B421DF328F00001D06 /* UIImageView+HJCategory.h */,
				7EA0A6BA21DF328F00001D06 /* UIImageView+HJCategory.m */,
				7EA0A6BE21DF328F00001D06 /* UILabel+HJCategory.h */,
				7EA0A6B721DF328F00001D06 /* UILabel+HJCategory.m */,
				7EA0A6B321DF328F00001D06 /* UITextField+HJCategory.h */,
				7EA0A6BB21DF328F00001D06 /* UITextField+HJCategory.m */,
				7EA0A6B121DF328F00001D06 /* UITextView+HJCategory.h */,
				7EA0A6B921DF328F00001D06 /* UITextView+HJCategory.m */,
				7EA0A6BC21DF328F00001D06 /* UIView+HJCategory.h */,
				7EA0A6B621DF328F00001D06 /* UIView+HJCategory.m */,
				7E43DD4C20A3DF19005900C3 /* UITableView+CellAnimation.h */,
				7E43DD5F20A3DF19005900C3 /* UITableView+CellAnimation.m */,
				7E43DD5120A3DF19005900C3 /* UIBarButtonItem+SXCreate.h */,
				7E43DD6420A3DF19005900C3 /* UIBarButtonItem+SXCreate.m */,
				7E43DD5B20A3DF19005900C3 /* UIViewController+Alert.h */,
				7E43DD5020A3DF19005900C3 /* UIViewController+Alert.m */,
			);
			path = UIKit;
			sourceTree = "<group>";
		};
		7E08063E2125631400391A14 /* ISSCloudTool */ = {
			isa = PBXGroup;
			children = (
				7E0805F521251ED200391A14 /* MacroDefinition.h */,
				7E08059F2125188E00391A14 /* Tools */,
				7E08059E2125188500391A14 /* UI */,
				7E43DD4020A3DF19005900C3 /* Category */,
			);
			path = ISSCloudTool;
			sourceTree = "<group>";
		};
		7E43DD1E20A3DEFF005900C3 = {
			isa = PBXGroup;
			children = (
				7E43DD2920A3DEFF005900C3 /* ISSCloudTools */,
				7E43DD2820A3DEFF005900C3 /* Products */,
			);
			sourceTree = "<group>";
		};
		7E43DD2820A3DEFF005900C3 /* Products */ = {
			isa = PBXGroup;
			children = (
				7E43DD2720A3DEFF005900C3 /* ISSCloudTools.app */,
			);
			name = Products;
			sourceTree = "<group>";
		};
		7E43DD2920A3DEFF005900C3 /* ISSCloudTools */ = {
			isa = PBXGroup;
			children = (
				7E43DD2A20A3DEFF005900C3 /* AppDelegate.h */,
				7E43DD2B20A3DF00005900C3 /* AppDelegate.m */,
				7E08063E2125631400391A14 /* ISSCloudTool */,
				7E43DD2D20A3DF00005900C3 /* ViewController.h */,
				7E43DD2E20A3DF00005900C3 /* ViewController.m */,
				7E43DD3020A3DF00005900C3 /* Main.storyboard */,
				7E43DD3320A3DF01005900C3 /* Assets.xcassets */,
				7E43DD3520A3DF01005900C3 /* LaunchScreen.storyboard */,
				7E43DD3820A3DF01005900C3 /* Info.plist */,
				7E43DD3920A3DF01005900C3 /* main.m */,
			);
			path = ISSCloudTools;
			sourceTree = "<group>";
		};
		7E43DD4020A3DF19005900C3 /* Category */ = {
			isa = PBXGroup;
			children = (
				7E08060A21254D0200391A14 /* Foundation */,
				7E08060B21254D1100391A14 /* UIKit */,
				7E4A019C21367FA9002E0D46 /* ISSCategory.h */,
			);
			path = Category;
			sourceTree = "<group>";
		};
		7EA0A6C921DF38DC00001D06 /* HJCountDown */ = {
			isa = PBXGroup;
			children = (
				7EA0A6CA21DF38DC00001D06 /* HCCountdown.h */,
				7EA0A6CC21DF38DC00001D06 /* HCCountdown.m */,
				7EA0A6CD21DF38DC00001D06 /* HJCountDownManager.h */,
				7EA0A6CB21DF38DC00001D06 /* HJCountDownManager.m */,
			);
			path = HJCountDown;
			sourceTree = "<group>";
		};
		7EA0A6D621DF3AF200001D06 /* Base */ = {
			isa = PBXGroup;
			children = (
				7EA0A6D721DF3B4100001D06 /* HJBaseTableVC.h */,
				7EA0A6D821DF3B4100001D06 /* HJBaseTableVC.m */,
				7EA0A6DA21DF3B7600001D06 /* HJMJRefreshTableVC.h */,
				7EA0A6DB21DF3B7600001D06 /* HJMJRefreshTableVC.m */,
				7EA0A6DD21DF3D7900001D06 /* source */,
			);
			path = Base;
			sourceTree = "<group>";
		};
		7EA0A6DD21DF3D7900001D06 /* source */ = {
			isa = PBXGroup;
			children = (
				7EA0A6E121DF3E0B00001D06 /* pic_net.png */,
				7EA0A6E021DF3E0B00001D06 /* pic_net@2x.png */,
				7EA0A6DE21DF3E0B00001D06 /* pic_net@3x.png */,
				7EA0A6E221DF3E0B00001D06 /* pic_netLoading.png */,
				7EA0A6E421DF3E0B00001D06 /* pic_nodata.png */,
				7EA0A6E321DF3E0B00001D06 /* pic_nodata@2x.png */,
				7EA0A6DF21DF3E0B00001D06 /* pic_nodata@3x.png */,
			);
			path = source;
			sourceTree = "<group>";
		};
/* End PBXGroup section */

/* Begin PBXNativeTarget section */
		7E43DD2620A3DEFF005900C3 /* ISSCloudTools */ = {
			isa = PBXNativeTarget;
			buildConfigurationList = 7E43DD3D20A3DF01005900C3 /* Build configuration list for PBXNativeTarget "ISSCloudTools" */;
			buildPhases = (
				7E43DD2320A3DEFF005900C3 /* Sources */,
				7E43DD2420A3DEFF005900C3 /* Frameworks */,
				7E43DD2520A3DEFF005900C3 /* Resources */,
			);
			buildRules = (
			);
			dependencies = (
			);
			name = ISSCloudTools;
			productName = ISSCloudTools;
			productReference = 7E43DD2720A3DEFF005900C3 /* ISSCloudTools.app */;
			productType = "com.apple.product-type.application";
		};
/* End PBXNativeTarget section */

/* Begin PBXProject section */
		7E43DD1F20A3DEFF005900C3 /* Project object */ = {
			isa = PBXProject;
			attributes = {
				LastUpgradeCheck = 0930;
				ORGANIZATIONNAME = huawei;
				TargetAttributes = {
					7E43DD2620A3DEFF005900C3 = {
						CreatedOnToolsVersion = 9.3;
					};
				};
			};
			buildConfigurationList = 7E43DD2220A3DEFF005900C3 /* Build configuration list for PBXProject "ISSCloudTools" */;
			compatibilityVersion = "Xcode 9.3";
			developmentRegion = en;
			hasScannedForEncodings = 0;
			knownRegions = (
				en,
				Base,
			);
			mainGroup = 7E43DD1E20A3DEFF005900C3;
			productRefGroup = 7E43DD2820A3DEFF005900C3 /* Products */;
			projectDirPath = "";
			projectRoot = "";
			targets = (
				7E43DD2620A3DEFF005900C3 /* ISSCloudTools */,
			);
		};
/* End PBXProject section */

/* Begin PBXResourcesBuildPhase section */
		7E43DD2520A3DEFF005900C3 /* Resources */ = {
			isa = PBXResourcesBuildPhase;
			buildActionMask = 2147483647;
			files = (
				7E43DD3720A3DF01005900C3 /* LaunchScreen.storyboard in Resources */,
				7E43DD3420A3DF01005900C3 /* Assets.xcassets in Resources */,
				7EA0A6E521DF3E0B00001D06 /* pic_net@3x.png in Resources */,
				7EA0A6E721DF3E0B00001D06 /* pic_net@2x.png in Resources */,
				7EA0A6E821DF3E0B00001D06 /* pic_net.png in Resources */,
				7EA0A6EA21DF3E0B00001D06 /* pic_nodata@2x.png in Resources */,
				7EA0A6E921DF3E0B00001D06 /* pic_netLoading.png in Resources */,
				7EA0A6EB21DF3E0B00001D06 /* pic_nodata.png in Resources */,
				7EA0A6E621DF3E0B00001D06 /* pic_nodata@3x.png in Resources */,
				7E43DD3220A3DF00005900C3 /* Main.storyboard in Resources */,
			);
			runOnlyForDeploymentPostprocessing = 0;
		};
/* End PBXResourcesBuildPhase section */

/* Begin PBXSourcesBuildPhase section */
		7E43DD2320A3DEFF005900C3 /* Sources */ = {
			isa = PBXSourcesBuildPhase;
			buildActionMask = 2147483647;
			files = (
				7E43DD6820A3DF19005900C3 /* NSObject+Swizzle.m in Sources */,
				7EA0A6CE21DF38DC00001D06 /* HJCountDownManager.m in Sources */,
				7EA0A6C421DF328F00001D06 /* UITextField+HJCategory.m in Sources */,
				7E43DD6520A3DF19005900C3 /* NSMutableString+Category.m in Sources */,
				7E43DD7120A3DF19005900C3 /* NSMutableDictionary+Category.m in Sources */,
				7E43DD7620A3DF19005900C3 /* UIBarButtonItem+SXCreate.m in Sources */,
				7E43DD7420A3DF19005900C3 /* UITableView+CellAnimation.m in Sources */,
				7E43DD2F20A3DF00005900C3 /* ViewController.m in Sources */,
				7EA0A6DC21DF3B7600001D06 /* HJMJRefreshTableVC.m in Sources */,
				7EA0A6C221DF328F00001D06 /* UITextView+HJCategory.m in Sources */,
				7E43DD7320A3DF19005900C3 /* NSObject+Category.m in Sources */,
				7EA0A6EE21DF3E5900001D06 /* HJDataStorage.m in Sources */,
				7E43DD3A20A3DF01005900C3 /* main.m in Sources */,
				7EA0A6C021DF328F00001D06 /* UILabel+HJCategory.m in Sources */,
				7EA0A6CF21DF38DC00001D06 /* HCCountdown.m in Sources */,
				7EA0A6C121DF328F00001D06 /* UIImage+HJCategory.m in Sources */,
				7E43DD6720A3DF19005900C3 /* NSString+RegexCheck.m in Sources */,
				7EA0A6D921DF3B4100001D06 /* HJBaseTableVC.m in Sources */,
				7E43DD6920A3DF19005900C3 /* NSArray+Category.m in Sources */,
				7EA0A6C321DF328F00001D06 /* UIImageView+HJCategory.m in Sources */,
				7EA0A6C521DF328F00001D06 /* UIButton+HJCategory.m in Sources */,
				7E43DD6D20A3DF19005900C3 /* NSMutableAttributedString+Add.m in Sources */,
				7E43DD7220A3DF19005900C3 /* NSDictionary+Category.m in Sources */,
				7EA0A6C821DF358100001D06 /* HJSearchBar.m in Sources */,
				7EA0A6D221DF395600001D06 /* HJLabelHelper.m in Sources */,
				7E43DD2C20A3DF00005900C3 /* AppDelegate.m in Sources */,
				7E43DD7020A3DF19005900C3 /* NSString+Category.m in Sources */,
				7E43DD6F20A3DF19005900C3 /* UIViewController+Alert.m in Sources */,
				7E43DD7520A3DF19005900C3 /* NSMutableArray+Category.m in Sources */,
				7EA0A6BF21DF328F00001D06 /* UIView+HJCategory.m in Sources */,
				7EA0A6D521DF3A6900001D06 /* HJCreateUIHelper.m in Sources */,
			);
			runOnlyForDeploymentPostprocessing = 0;
		};
/* End PBXSourcesBuildPhase section */

/* Begin PBXVariantGroup section */
		7E43DD3020A3DF00005900C3 /* Main.storyboard */ = {
			isa = PBXVariantGroup;
			children = (
				7E43DD3120A3DF00005900C3 /* Base */,
			);
			name = Main.storyboard;
			sourceTree = "<group>";
		};
		7E43DD3520A3DF01005900C3 /* LaunchScreen.storyboard */ = {
			isa = PBXVariantGroup;
			children = (
				7E43DD3620A3DF01005900C3 /* Base */,
			);
			name = LaunchScreen.storyboard;
			sourceTree = "<group>";
		};
/* End PBXVariantGroup section */

/* Begin XCBuildConfiguration section */
		7E43DD3B20A3DF01005900C3 /* Debug */ = {
			isa = XCBuildConfiguration;
			buildSettings = {
				ALWAYS_SEARCH_USER_PATHS = NO;
				CLANG_ANALYZER_NONNULL = YES;
				CLANG_ANALYZER_NUMBER_OBJECT_CONVERSION = YES_AGGRESSIVE;
				CLANG_CXX_LANGUAGE_STANDARD = "gnu++14";
				CLANG_CXX_LIBRARY = "libc++";
				CLANG_ENABLE_MODULES = YES;
				CLANG_ENABLE_OBJC_ARC = YES;
				CLANG_ENABLE_OBJC_WEAK = YES;
				CLANG_WARN_BLOCK_CAPTURE_AUTORELEASING = YES;
				CLANG_WARN_BOOL_CONVERSION = YES;
				CLANG_WARN_COMMA = YES;
				CLANG_WARN_CONSTANT_CONVERSION = YES;
				CLANG_WARN_DEPRECATED_OBJC_IMPLEMENTATIONS = YES;
				CLANG_WARN_DIRECT_OBJC_ISA_USAGE = YES_ERROR;
				CLANG_WARN_DOCUMENTATION_COMMENTS = YES;
				CLANG_WARN_EMPTY_BODY = YES;
				CLANG_WARN_ENUM_CONVERSION = YES;
				CLANG_WARN_INFINITE_RECURSION = YES;
				CLANG_WARN_INT_CONVERSION = YES;
				CLANG_WARN_NON_LITERAL_NULL_CONVERSION = YES;
				CLANG_WARN_OBJC_IMPLICIT_RETAIN_SELF = YES;
				CLANG_WARN_OBJC_LITERAL_CONVERSION = YES;
				CLANG_WARN_OBJC_ROOT_CLASS = YES_ERROR;
				CLANG_WARN_RANGE_LOOP_ANALYSIS = YES;
				CLANG_WARN_STRICT_PROTOTYPES = YES;
				CLANG_WARN_SUSPICIOUS_MOVE = YES;
				CLANG_WARN_UNGUARDED_AVAILABILITY = YES_AGGRESSIVE;
				CLANG_WARN_UNREACHABLE_CODE = YES;
				CLANG_WARN__DUPLICATE_METHOD_MATCH = YES;
				CODE_SIGN_IDENTITY = "iPhone Developer";
				COPY_PHASE_STRIP = NO;
				DEBUG_INFORMATION_FORMAT = dwarf;
				ENABLE_STRICT_OBJC_MSGSEND = YES;
				ENABLE_TESTABILITY = YES;
				GCC_C_LANGUAGE_STANDARD = gnu11;
				GCC_DYNAMIC_NO_PIC = NO;
				GCC_NO_COMMON_BLOCKS = YES;
				GCC_OPTIMIZATION_LEVEL = 0;
				GCC_PREPROCESSOR_DEFINITIONS = (
					"DEBUG=1",
					"$(inherited)",
				);
				GCC_WARN_64_TO_32_BIT_CONVERSION = YES;
				GCC_WARN_ABOUT_RETURN_TYPE = YES_ERROR;
				GCC_WARN_UNDECLARED_SELECTOR = YES;
				GCC_WARN_UNINITIALIZED_AUTOS = YES_AGGRESSIVE;
				GCC_WARN_UNUSED_FUNCTION = YES;
				GCC_WARN_UNUSED_VARIABLE = YES;
				IPHONEOS_DEPLOYMENT_TARGET = 11.3;
				MTL_ENABLE_DEBUG_INFO = YES;
				ONLY_ACTIVE_ARCH = YES;
				SDKROOT = iphoneos;
			};
			name = Debug;
		};
		7E43DD3C20A3DF01005900C3 /* Release */ = {
			isa = XCBuildConfiguration;
			buildSettings = {
				ALWAYS_SEARCH_USER_PATHS = NO;
				CLANG_ANALYZER_NONNULL = YES;
				CLANG_ANALYZER_NUMBER_OBJECT_CONVERSION = YES_AGGRESSIVE;
				CLANG_CXX_LANGUAGE_STANDARD = "gnu++14";
				CLANG_CXX_LIBRARY = "libc++";
				CLANG_ENABLE_MODULES = YES;
				CLANG_ENABLE_OBJC_ARC = YES;
				CLANG_ENABLE_OBJC_WEAK = YES;
				CLANG_WARN_BLOCK_CAPTURE_AUTORELEASING = YES;
				CLANG_WARN_BOOL_CONVERSION = YES;
				CLANG_WARN_COMMA = YES;
				CLANG_WARN_CONSTANT_CONVERSION = YES;
				CLANG_WARN_DEPRECATED_OBJC_IMPLEMENTATIONS = YES;
				CLANG_WARN_DIRECT_OBJC_ISA_USAGE = YES_ERROR;
				CLANG_WARN_DOCUMENTATION_COMMENTS = YES;
				CLANG_WARN_EMPTY_BODY = YES;
				CLANG_WARN_ENUM_CONVERSION = YES;
				CLANG_WARN_INFINITE_RECURSION = YES;
				CLANG_WARN_INT_CONVERSION = YES;
				CLANG_WARN_NON_LITERAL_NULL_CONVERSION = YES;
				CLANG_WARN_OBJC_IMPLICIT_RETAIN_SELF = YES;
				CLANG_WARN_OBJC_LITERAL_CONVERSION = YES;
				CLANG_WARN_OBJC_ROOT_CLASS = YES_ERROR;
				CLANG_WARN_RANGE_LOOP_ANALYSIS = YES;
				CLANG_WARN_STRICT_PROTOTYPES = YES;
				CLANG_WARN_SUSPICIOUS_MOVE = YES;
				CLANG_WARN_UNGUARDED_AVAILABILITY = YES_AGGRESSIVE;
				CLANG_WARN_UNREACHABLE_CODE = YES;
				CLANG_WARN__DUPLICATE_METHOD_MATCH = YES;
				CODE_SIGN_IDENTITY = "iPhone Developer";
				COPY_PHASE_STRIP = NO;
				DEBUG_INFORMATION_FORMAT = "dwarf-with-dsym";
				ENABLE_NS_ASSERTIONS = NO;
				ENABLE_STRICT_OBJC_MSGSEND = YES;
				GCC_C_LANGUAGE_STANDARD = gnu11;
				GCC_NO_COMMON_BLOCKS = YES;
				GCC_WARN_64_TO_32_BIT_CONVERSION = YES;
				GCC_WARN_ABOUT_RETURN_TYPE = YES_ERROR;
				GCC_WARN_UNDECLARED_SELECTOR = YES;
				GCC_WARN_UNINITIALIZED_AUTOS = YES_AGGRESSIVE;
				GCC_WARN_UNUSED_FUNCTION = YES;
				GCC_WARN_UNUSED_VARIABLE = YES;
				IPHONEOS_DEPLOYMENT_TARGET = 11.3;
				MTL_ENABLE_DEBUG_INFO = NO;
				SDKROOT = iphoneos;
				VALIDATE_PRODUCT = YES;
			};
			name = Release;
		};
		7E43DD3E20A3DF01005900C3 /* Debug */ = {
			isa = XCBuildConfiguration;
			buildSettings = {
				ASSETCATALOG_COMPILER_APPICON_NAME = AppIcon;
				CODE_SIGN_STYLE = Automatic;
				DEVELOPMENT_TEAM = XWEN689QDV;
				INFOPLIST_FILE = ISSCloudTools/Info.plist;
				LD_RUNPATH_SEARCH_PATHS = (
					"$(inherited)",
					"@executable_path/Frameworks",
				);
				PRODUCT_BUNDLE_IDENTIFIER = com.huawei.ISSCloudTools;
				PRODUCT_NAME = "$(TARGET_NAME)";
				TARGETED_DEVICE_FAMILY = "1,2";
			};
			name = Debug;
		};
		7E43DD3F20A3DF01005900C3 /* Release */ = {
			isa = XCBuildConfiguration;
			buildSettings = {
				ASSETCATALOG_COMPILER_APPICON_NAME = AppIcon;
				CODE_SIGN_STYLE = Automatic;
				DEVELOPMENT_TEAM = XWEN689QDV;
				INFOPLIST_FILE = ISSCloudTools/Info.plist;
				LD_RUNPATH_SEARCH_PATHS = (
					"$(inherited)",
					"@executable_path/Frameworks",
				);
				PRODUCT_BUNDLE_IDENTIFIER = com.huawei.ISSCloudTools;
				PRODUCT_NAME = "$(TARGET_NAME)";
				TARGETED_DEVICE_FAMILY = "1,2";
			};
			name = Release;
		};
/* End XCBuildConfiguration section */

/* Begin XCConfigurationList section */
		7E43DD2220A3DEFF005900C3 /* Build configuration list for PBXProject "ISSCloudTools" */ = {
			isa = XCConfigurationList;
			buildConfigurations = (
				7E43DD3B20A3DF01005900C3 /* Debug */,
				7E43DD3C20A3DF01005900C3 /* Release */,
			);
			defaultConfigurationIsVisible = 0;
			defaultConfigurationName = Release;
		};
		7E43DD3D20A3DF01005900C3 /* Build configuration list for PBXNativeTarget "ISSCloudTools" */ = {
			isa = XCConfigurationList;
			buildConfigurations = (
				7E43DD3E20A3DF01005900C3 /* Debug */,
				7E43DD3F20A3DF01005900C3 /* Release */,
			);
			defaultConfigurationIsVisible = 0;
			defaultConfigurationName = Release;
		};
/* End XCConfigurationList section */
	};
	rootObject = 7E43DD1F20A3DEFF005900C3 /* Project object */;
}
